schema: '2.0'
stages:
  extract:
    cmd: python src/extract.py
    deps:
    - path: data/raw/ground_truth/
      md5: 4e8f1af742cd70b98c1867331d103809.dir
      size: 918738
      nfiles: 753
    - path: data/raw/predictions/
      md5: 851b978a8b6e852fed5947e7fb96f66b.dir
      size: 924531
      nfiles: 752
    outs:
    - path: data/interim/actuals_table.parquet
      md5: 2181288d1fa8dd6de2c2ba7363f44e76
      size: 34752
    - path: data/interim/predicted_table.parquet
      md5: 1d463d0b0c4a226831fc03082d503eea
      size: 34726
  transform:
    cmd: python src/transform.py
    deps:
    - path: data/interim/actuals_table.parquet
      md5: 2181288d1fa8dd6de2c2ba7363f44e76
      size: 34752
    - path: data/interim/predicted_table.parquet
      md5: 1d463d0b0c4a226831fc03082d503eea
      size: 34726
    outs:
    - path: data/processed/combined_table.parquet
      md5: 91a9f9b56681950a004f065aef1b3ad3
      size: 39491
  load:
    cmd: python src/load.py
    deps:
    - path: data/processed/combined_table.parquet
      md5: 91a9f9b56681950a004f065aef1b3ad3
      size: 39491
    outs:
    - path: data/dwarehouse/db_analytics.ddb
      md5: f2348a2a1f68ac6917bbbf75f74f0331
      size: 274432
  evaluate:
    cmd: python src/evaluate.py
    deps:
    - path: data/processed/combined_table.parquet
      md5: 91a9f9b56681950a004f065aef1b3ad3
      size: 39491
